PODS:
  - Alamofire (4.5.1)
  - CHTCollectionViewWaterfallLayout/Swift (0.9.7)
  - Crashlytics (3.9.3):
    - Fabric (~> 1.7.2)
  - Fabric (1.7.2)
  - NetworkRequestKit (2.1.0):
    - Alamofire (~> 4.5)
    - PromiseKit (~> 4.4)
    - SwiftyJSON (~> 4.0.0-alpha)
  - PromiseKit (4.4.3):
    - PromiseKit/Foundation (= 4.4.3)
    - PromiseKit/QuartzCore (= 4.4.3)
    - PromiseKit/UIKit (= 4.4.3)
  - PromiseKit/CorePromise (4.4.3)
  - PromiseKit/Foundation (4.4.3):
    - PromiseKit/CorePromise
  - PromiseKit/QuartzCore (4.4.3):
    - PromiseKit/CorePromise
  - PromiseKit/UIKit (4.4.3):
    - PromiseKit/CorePromise
  - ReSwift (4.0.0)
  - RxCocoa (4.1.2):
    - RxSwift (~> 4.0)
  - RxSwift (4.0.0)
  - SDWebImage (4.3.2):
    - SDWebImage/Core (= 4.3.2)
  - SDWebImage/Core (4.3.2)
  - SwiftyJSON (4.0.0-alpha.1)
  - SwiftyUserDefaults (3.0.1)

DEPENDENCIES:
  - CHTCollectionViewWaterfallLayout/Swift
  - Crashlytics
  - Fabric
  - NetworkRequestKit
  - ReSwift
  - RxCocoa
  - RxSwift
  - SDWebImage
  - SwiftyUserDefaults

SPEC CHECKSUMS:
  Alamofire: 2d95912bf4c34f164fdfc335872e8c312acaea4a
  CHTCollectionViewWaterfallLayout: 9d11068fafecac106695bb5a5d6d0f738483b598
  Crashlytics: dbb07d01876c171c5ccbdf7826410380189e452c
  Fabric: 9cd6a848efcf1b8b07497e0b6a2e7d336353ba15
  NetworkRequestKit: 569fbfaa13ddb22fd54c2711be37db51add14524
  PromiseKit: fbb52a0d154402c57eeb6eccd36dd7724fcf6117
  ReSwift: f058ef13b46ae5f463f10605ccbbb7fb04424d8d
  RxCocoa: d88ba0f1f6abf040011a9eb4b539324fc426843a
  RxSwift: fd680d75283beb5e2559486f3c0ff852f0d35334
  SDWebImage: 29bd3c0bc1f01e5eb59720847c64ad4c4ca1af5d
  SwiftyJSON: dc88934f85fb50b263b1632b9cbad3402505783e
  SwiftyUserDefaults: 3d273b1739b68ada3145dc754a70ec775bc5c8be

PODFILE CHECKSUM: 04f10be4d08fcad7993a0875030f2b807c9a110b

COCOAPODS: 1.4.0
