// !$*UTF8*$!
{
	archiveVersion = 1;
	classes = {
	};
	objectVersion = 48;
	objects = {

/* Begin PBXBuildFile section */
		637D38842052B0A5001867FE /* AppContainer.swift in Sources */ = {isa = PBXBuildFile; fileRef = 637D38832052B0A5001867FE /* AppContainer.swift */; };
		637D38862052B12B001867FE /* AppContainerBuilder.swift in Sources */ = {isa = PBXBuildFile; fileRef = 637D38852052B12B001867FE /* AppContainerBuilder.swift */; };
		637D38882052B1AE001867FE /* AppContainerPresenter.swift in Sources */ = {isa = PBXBuildFile; fileRef = 637D38872052B1AE001867FE /* AppContainerPresenter.swift */; };
		637D388A2052B1B4001867FE /* AppContainerRouter.swift in Sources */ = {isa = PBXBuildFile; fileRef = 637D38892052B1B4001867FE /* AppContainerRouter.swift */; };
		637D388C2052B1D6001867FE /* AppContainerInteractor.swift in Sources */ = {isa = PBXBuildFile; fileRef = 637D388B2052B1D6001867FE /* AppContainerInteractor.swift */; };
		637D38912052B8B4001867FE /* PhotosViewController.swift in Sources */ = {isa = PBXBuildFile; fileRef = 637D38902052B8B4001867FE /* PhotosViewController.swift */; };
		637D38942052B9E8001867FE /* UnsplasherNavigationBar.swift in Sources */ = {isa = PBXBuildFile; fileRef = 637D38932052B9E8001867FE /* UnsplasherNavigationBar.swift */; };
		637D38962052BC86001867FE /* UnsplasherColor.swift in Sources */ = {isa = PBXBuildFile; fileRef = 637D38952052BC86001867FE /* UnsplasherColor.swift */; };
		637D38992052BF13001867FE /* DeviceDetector.swift in Sources */ = {isa = PBXBuildFile; fileRef = 637D38982052BF13001867FE /* DeviceDetector.swift */; };
		639308FC20517069002C261E /* AppDelegate.swift in Sources */ = {isa = PBXBuildFile; fileRef = 639308FB20517069002C261E /* AppDelegate.swift */; };
		639308FE20517069002C261E /* ViewController.swift in Sources */ = {isa = PBXBuildFile; fileRef = 639308FD20517069002C261E /* ViewController.swift */; };
		6393090320517069002C261E /* Assets.xcassets in Resources */ = {isa = PBXBuildFile; fileRef = 6393090220517069002C261E /* Assets.xcassets */; };
		6393090620517069002C261E /* LaunchScreen.storyboard in Resources */ = {isa = PBXBuildFile; fileRef = 6393090420517069002C261E /* LaunchScreen.storyboard */; };
		6393091120517069002C261E /* UnsplasherTests.swift in Sources */ = {isa = PBXBuildFile; fileRef = 6393091020517069002C261E /* UnsplasherTests.swift */; };
		6393091D20517FB2002C261E /* fabric.apikey in Resources */ = {isa = PBXBuildFile; fileRef = 6393091C20517FB2002C261E /* fabric.apikey */; };
		6393092120518011002C261E /* fabric.buildsecret in Resources */ = {isa = PBXBuildFile; fileRef = 6393092020518011002C261E /* fabric.buildsecret */; };
		6393092320522775002C261E /* unsplash.appid in Resources */ = {isa = PBXBuildFile; fileRef = 6393092220522775002C261E /* unsplash.appid */; };
		6393092520522791002C261E /* unsplash.appsecret in Resources */ = {isa = PBXBuildFile; fileRef = 6393092420522791002C261E /* unsplash.appsecret */; };
		6393092820522813002C261E /* UnsplashAPI.swift in Sources */ = {isa = PBXBuildFile; fileRef = 6393092720522813002C261E /* UnsplashAPI.swift */; };
		6393092A20522841002C261E /* GrantAccessToken.swift in Sources */ = {isa = PBXBuildFile; fileRef = 6393092920522841002C261E /* GrantAccessToken.swift */; };
		6393092C20522B9D002C261E /* SecretKeys.swift in Sources */ = {isa = PBXBuildFile; fileRef = 6393092B20522B9D002C261E /* SecretKeys.swift */; };
		6393092E20524010002C261E /* GetPhotos.swift in Sources */ = {isa = PBXBuildFile; fileRef = 6393092D20524010002C261E /* GetPhotos.swift */; };
		639309442052415B002C261E /* UIAlertControllerExtension.swift in Sources */ = {isa = PBXBuildFile; fileRef = 639309302052415B002C261E /* UIAlertControllerExtension.swift */; };
		639309452052415B002C261E /* CollectionExtension.swift in Sources */ = {isa = PBXBuildFile; fileRef = 639309312052415B002C261E /* CollectionExtension.swift */; };
		639309462052415B002C261E /* UIColorExtension.swift in Sources */ = {isa = PBXBuildFile; fileRef = 639309322052415B002C261E /* UIColorExtension.swift */; };
		639309472052415B002C261E /* NumberExtension.swift in Sources */ = {isa = PBXBuildFile; fileRef = 639309332052415B002C261E /* NumberExtension.swift */; };
		639309482052415B002C261E /* UITableViewExtensios.swift in Sources */ = {isa = PBXBuildFile; fileRef = 639309342052415B002C261E /* UITableViewExtensios.swift */; };
		639309492052415B002C261E /* ArrayExtension.swift in Sources */ = {isa = PBXBuildFile; fileRef = 639309352052415B002C261E /* ArrayExtension.swift */; };
		6393094A2052415B002C261E /* UILabelExtension.swift in Sources */ = {isa = PBXBuildFile; fileRef = 639309362052415B002C261E /* UILabelExtension.swift */; };
		6393094B2052415B002C261E /* UIApplicationExtension.swift in Sources */ = {isa = PBXBuildFile; fileRef = 639309372052415B002C261E /* UIApplicationExtension.swift */; };
		6393094C2052415B002C261E /* UIViewControllerExtension.swift in Sources */ = {isa = PBXBuildFile; fileRef = 639309382052415B002C261E /* UIViewControllerExtension.swift */; };
		6393094D2052415B002C261E /* UIViewExtension.swift in Sources */ = {isa = PBXBuildFile; fileRef = 639309392052415B002C261E /* UIViewExtension.swift */; };
		6393094E2052415B002C261E /* SDWebImageExtension.swift in Sources */ = {isa = PBXBuildFile; fileRef = 6393093A2052415B002C261E /* SDWebImageExtension.swift */; };
		6393094F2052415B002C261E /* NSObejctExtension.swift in Sources */ = {isa = PBXBuildFile; fileRef = 6393093B2052415B002C261E /* NSObejctExtension.swift */; };
		639309502052415B002C261E /* UICollectionViewExtension.swift in Sources */ = {isa = PBXBuildFile; fileRef = 6393093C2052415B002C261E /* UICollectionViewExtension.swift */; };
		639309512052415B002C261E /* Queue.swift in Sources */ = {isa = PBXBuildFile; fileRef = 6393093D2052415B002C261E /* Queue.swift */; };
		639309522052415B002C261E /* DataExtension.swift in Sources */ = {isa = PBXBuildFile; fileRef = 6393093E2052415B002C261E /* DataExtension.swift */; };
		639309532052415B002C261E /* StringExtension.swift in Sources */ = {isa = PBXBuildFile; fileRef = 6393093F2052415B002C261E /* StringExtension.swift */; };
		639309542052415B002C261E /* DictionaryExtension.swift in Sources */ = {isa = PBXBuildFile; fileRef = 639309402052415B002C261E /* DictionaryExtension.swift */; };
		639309552052415B002C261E /* UIImageExtension.swift in Sources */ = {isa = PBXBuildFile; fileRef = 639309412052415B002C261E /* UIImageExtension.swift */; };
		639309562052415B002C261E /* DateExtension.swift in Sources */ = {isa = PBXBuildFile; fileRef = 639309422052415B002C261E /* DateExtension.swift */; };
		639309572052415B002C261E /* SwiftyJSONExtension.swift in Sources */ = {isa = PBXBuildFile; fileRef = 639309432052415B002C261E /* SwiftyJSONExtension.swift */; };
		6393095920525815002C261E /* RequestAuthCode.swift in Sources */ = {isa = PBXBuildFile; fileRef = 6393095820525815002C261E /* RequestAuthCode.swift */; };
		6393095B20525A9A002C261E /* DefaultKeys.swift in Sources */ = {isa = PBXBuildFile; fileRef = 6393095A20525A9A002C261E /* DefaultKeys.swift */; };
		6393095E20525C09002C261E /* UnsplashOAuthData.swift in Sources */ = {isa = PBXBuildFile; fileRef = 6393095D20525C09002C261E /* UnsplashOAuthData.swift */; };
		E4BD48E82514D78EDC1F9A05 /* Pods_UnsplasherTests.framework in Frameworks */ = {isa = PBXBuildFile; fileRef = 3ADE6EAEF7A35B16F6ECC31D /* Pods_UnsplasherTests.framework */; };
		F0131DACC92DBFBECA9800F1 /* Pods_Unsplasher.framework in Frameworks */ = {isa = PBXBuildFile; fileRef = E7B5C68B5B7D879B299680EC /* Pods_Unsplasher.framework */; };
/* End PBXBuildFile section */

/* Begin PBXContainerItemProxy section */
		6393090D20517069002C261E /* PBXContainerItemProxy */ = {
			isa = PBXContainerItemProxy;
			containerPortal = 639308F020517069002C261E /* Project object */;
			proxyType = 1;
			remoteGlobalIDString = 639308F720517069002C261E;
			remoteInfo = Unsplasher;
		};
/* End PBXContainerItemProxy section */

/* Begin PBXFileReference section */
		3ADE6EAEF7A35B16F6ECC31D /* Pods_UnsplasherTests.framework */ = {isa = PBXFileReference; explicitFileType = wrapper.framework; includeInIndex = 0; path = Pods_UnsplasherTests.framework; sourceTree = BUILT_PRODUCTS_DIR; };
		637D38832052B0A5001867FE /* AppContainer.swift */ = {isa = PBXFileReference; lastKnownFileType = sourcecode.swift; path = AppContainer.swift; sourceTree = "<group>"; };
		637D38852052B12B001867FE /* AppContainerBuilder.swift */ = {isa = PBXFileReference; lastKnownFileType = sourcecode.swift; path = AppContainerBuilder.swift; sourceTree = "<group>"; };
		637D38872052B1AE001867FE /* AppContainerPresenter.swift */ = {isa = PBXFileReference; lastKnownFileType = sourcecode.swift; path = AppContainerPresenter.swift; sourceTree = "<group>"; };
		637D38892052B1B4001867FE /* AppContainerRouter.swift */ = {isa = PBXFileReference; lastKnownFileType = sourcecode.swift; path = AppContainerRouter.swift; sourceTree = "<group>"; };
		637D388B2052B1D6001867FE /* AppContainerInteractor.swift */ = {isa = PBXFileReference; lastKnownFileType = sourcecode.swift; path = AppContainerInteractor.swift; sourceTree = "<group>"; };
		637D38902052B8B4001867FE /* PhotosViewController.swift */ = {isa = PBXFileReference; lastKnownFileType = sourcecode.swift; path = PhotosViewController.swift; sourceTree = "<group>"; };
		637D38932052B9E8001867FE /* UnsplasherNavigationBar.swift */ = {isa = PBXFileReference; lastKnownFileType = sourcecode.swift; path = UnsplasherNavigationBar.swift; sourceTree = "<group>"; };
		637D38952052BC86001867FE /* UnsplasherColor.swift */ = {isa = PBXFileReference; lastKnownFileType = sourcecode.swift; path = UnsplasherColor.swift; sourceTree = "<group>"; };
		637D38982052BF13001867FE /* DeviceDetector.swift */ = {isa = PBXFileReference; lastKnownFileType = sourcecode.swift; path = DeviceDetector.swift; sourceTree = "<group>"; };
		639308F820517069002C261E /* Unsplasher.app */ = {isa = PBXFileReference; explicitFileType = wrapper.application; includeInIndex = 0; path = Unsplasher.app; sourceTree = BUILT_PRODUCTS_DIR; };
		639308FB20517069002C261E /* AppDelegate.swift */ = {isa = PBXFileReference; lastKnownFileType = sourcecode.swift; path = AppDelegate.swift; sourceTree = "<group>"; };
		639308FD20517069002C261E /* ViewController.swift */ = {isa = PBXFileReference; lastKnownFileType = sourcecode.swift; path = ViewController.swift; sourceTree = "<group>"; };
		6393090220517069002C261E /* Assets.xcassets */ = {isa = PBXFileReference; lastKnownFileType = folder.assetcatalog; path = Assets.xcassets; sourceTree = "<group>"; };
		6393090520517069002C261E /* Base */ = {isa = PBXFileReference; lastKnownFileType = file.storyboard; name = Base; path = Base.lproj/LaunchScreen.storyboard; sourceTree = "<group>"; };
		6393090720517069002C261E /* Info.plist */ = {isa = PBXFileReference; lastKnownFileType = text.plist.xml; path = Info.plist; sourceTree = "<group>"; };
		6393090C20517069002C261E /* UnsplasherTests.xctest */ = {isa = PBXFileReference; explicitFileType = wrapper.cfbundle; includeInIndex = 0; path = UnsplasherTests.xctest; sourceTree = BUILT_PRODUCTS_DIR; };
		6393091020517069002C261E /* UnsplasherTests.swift */ = {isa = PBXFileReference; lastKnownFileType = sourcecode.swift; path = UnsplasherTests.swift; sourceTree = "<group>"; };
		6393091220517069002C261E /* Info.plist */ = {isa = PBXFileReference; lastKnownFileType = text.plist.xml; path = Info.plist; sourceTree = "<group>"; };
		6393091C20517FB2002C261E /* fabric.apikey */ = {isa = PBXFileReference; lastKnownFileType = text; path = fabric.apikey; sourceTree = "<group>"; };
		6393092020518011002C261E /* fabric.buildsecret */ = {isa = PBXFileReference; fileEncoding = 4; lastKnownFileType = text; path = fabric.buildsecret; sourceTree = "<group>"; };
		6393092220522775002C261E /* unsplash.appid */ = {isa = PBXFileReference; lastKnownFileType = text; path = unsplash.appid; sourceTree = "<group>"; };
		6393092420522791002C261E /* unsplash.appsecret */ = {isa = PBXFileReference; lastKnownFileType = text; path = unsplash.appsecret; sourceTree = "<group>"; };
		6393092720522813002C261E /* UnsplashAPI.swift */ = {isa = PBXFileReference; lastKnownFileType = sourcecode.swift; path = UnsplashAPI.swift; sourceTree = "<group>"; };
		6393092920522841002C261E /* GrantAccessToken.swift */ = {isa = PBXFileReference; lastKnownFileType = sourcecode.swift; path = GrantAccessToken.swift; sourceTree = "<group>"; };
		6393092B20522B9D002C261E /* SecretKeys.swift */ = {isa = PBXFileReference; lastKnownFileType = sourcecode.swift; path = SecretKeys.swift; sourceTree = "<group>"; };
		6393092D20524010002C261E /* GetPhotos.swift */ = {isa = PBXFileReference; lastKnownFileType = sourcecode.swift; path = GetPhotos.swift; sourceTree = "<group>"; };
		639309302052415B002C261E /* UIAlertControllerExtension.swift */ = {isa = PBXFileReference; fileEncoding = 4; lastKnownFileType = sourcecode.swift; path = UIAlertControllerExtension.swift; sourceTree = "<group>"; };
		639309312052415B002C261E /* CollectionExtension.swift */ = {isa = PBXFileReference; fileEncoding = 4; lastKnownFileType = sourcecode.swift; path = CollectionExtension.swift; sourceTree = "<group>"; };
		639309322052415B002C261E /* UIColorExtension.swift */ = {isa = PBXFileReference; fileEncoding = 4; lastKnownFileType = sourcecode.swift; path = UIColorExtension.swift; sourceTree = "<group>"; };
		639309332052415B002C261E /* NumberExtension.swift */ = {isa = PBXFileReference; fileEncoding = 4; lastKnownFileType = sourcecode.swift; path = NumberExtension.swift; sourceTree = "<group>"; };
		639309342052415B002C261E /* UITableViewExtensios.swift */ = {isa = PBXFileReference; fileEncoding = 4; lastKnownFileType = sourcecode.swift; path = UITableViewExtensios.swift; sourceTree = "<group>"; };
		639309352052415B002C261E /* ArrayExtension.swift */ = {isa = PBXFileReference; fileEncoding = 4; lastKnownFileType = sourcecode.swift; path = ArrayExtension.swift; sourceTree = "<group>"; };
		639309362052415B002C261E /* UILabelExtension.swift */ = {isa = PBXFileReference; fileEncoding = 4; lastKnownFileType = sourcecode.swift; path = UILabelExtension.swift; sourceTree = "<group>"; };
		639309372052415B002C261E /* UIApplicationExtension.swift */ = {isa = PBXFileReference; fileEncoding = 4; lastKnownFileType = sourcecode.swift; path = UIApplicationExtension.swift; sourceTree = "<group>"; };
		639309382052415B002C261E /* UIViewControllerExtension.swift */ = {isa = PBXFileReference; fileEncoding = 4; lastKnownFileType = sourcecode.swift; path = UIViewControllerExtension.swift; sourceTree = "<group>"; };
		639309392052415B002C261E /* UIViewExtension.swift */ = {isa = PBXFileReference; fileEncoding = 4; lastKnownFileType = sourcecode.swift; path = UIViewExtension.swift; sourceTree = "<group>"; };
		6393093A2052415B002C261E /* SDWebImageExtension.swift */ = {isa = PBXFileReference; fileEncoding = 4; lastKnownFileType = sourcecode.swift; path = SDWebImageExtension.swift; sourceTree = "<group>"; };
		6393093B2052415B002C261E /* NSObejctExtension.swift */ = {isa = PBXFileReference; fileEncoding = 4; lastKnownFileType = sourcecode.swift; path = NSObejctExtension.swift; sourceTree = "<group>"; };
		6393093C2052415B002C261E /* UICollectionViewExtension.swift */ = {isa = PBXFileReference; fileEncoding = 4; lastKnownFileType = sourcecode.swift; path = UICollectionViewExtension.swift; sourceTree = "<group>"; };
		6393093D2052415B002C261E /* Queue.swift */ = {isa = PBXFileReference; fileEncoding = 4; lastKnownFileType = sourcecode.swift; path = Queue.swift; sourceTree = "<group>"; };
		6393093E2052415B002C261E /* DataExtension.swift */ = {isa = PBXFileReference; fileEncoding = 4; lastKnownFileType = sourcecode.swift; path = DataExtension.swift; sourceTree = "<group>"; };
		6393093F2052415B002C261E /* StringExtension.swift */ = {isa = PBXFileReference; fileEncoding = 4; lastKnownFileType = sourcecode.swift; path = StringExtension.swift; sourceTree = "<group>"; };
		639309402052415B002C261E /* DictionaryExtension.swift */ = {isa = PBXFileReference; fileEncoding = 4; lastKnownFileType = sourcecode.swift; path = DictionaryExtension.swift; sourceTree = "<group>"; };
		639309412052415B002C261E /* UIImageExtension.swift */ = {isa = PBXFileReference; fileEncoding = 4; lastKnownFileType = sourcecode.swift; path = UIImageExtension.swift; sourceTree = "<group>"; };
		639309422052415B002C261E /* DateExtension.swift */ = {isa = PBXFileReference; fileEncoding = 4; lastKnownFileType = sourcecode.swift; path = DateExtension.swift; sourceTree = "<group>"; };
		639309432052415B002C261E /* SwiftyJSONExtension.swift */ = {isa = PBXFileReference; fileEncoding = 4; lastKnownFileType = sourcecode.swift; path = SwiftyJSONExtension.swift; sourceTree = "<group>"; };
		6393095820525815002C261E /* RequestAuthCode.swift */ = {isa = PBXFileReference; lastKnownFileType = sourcecode.swift; path = RequestAuthCode.swift; sourceTree = "<group>"; };
		6393095A20525A9A002C261E /* DefaultKeys.swift */ = {isa = PBXFileReference; lastKnownFileType = sourcecode.swift; path = DefaultKeys.swift; sourceTree = "<group>"; };
		6393095D20525C09002C261E /* UnsplashOAuthData.swift */ = {isa = PBXFileReference; lastKnownFileType = sourcecode.swift; path = UnsplashOAuthData.swift; sourceTree = "<group>"; };
		82FD49F64392E1F858DF97A9 /* Pods-UnsplasherTests.debug.xcconfig */ = {isa = PBXFileReference; includeInIndex = 1; lastKnownFileType = text.xcconfig; name = "Pods-UnsplasherTests.debug.xcconfig"; path = "Pods/Target Support Files/Pods-UnsplasherTests/Pods-UnsplasherTests.debug.xcconfig"; sourceTree = "<group>"; };
		89AB35806FE9EAB250D0888D /* Pods-Unsplasher.release.xcconfig */ = {isa = PBXFileReference; includeInIndex = 1; lastKnownFileType = text.xcconfig; name = "Pods-Unsplasher.release.xcconfig"; path = "Pods/Target Support Files/Pods-Unsplasher/Pods-Unsplasher.release.xcconfig"; sourceTree = "<group>"; };
		C6AAF4C8E20E820626315D76 /* Pods-Unsplasher.debug.xcconfig */ = {isa = PBXFileReference; includeInIndex = 1; lastKnownFileType = text.xcconfig; name = "Pods-Unsplasher.debug.xcconfig"; path = "Pods/Target Support Files/Pods-Unsplasher/Pods-Unsplasher.debug.xcconfig"; sourceTree = "<group>"; };
		CFD9EF64DAA5AE6F8F0556DA /* Pods-UnsplasherTests.release.xcconfig */ = {isa = PBXFileReference; includeInIndex = 1; lastKnownFileType = text.xcconfig; name = "Pods-UnsplasherTests.release.xcconfig"; path = "Pods/Target Support Files/Pods-UnsplasherTests/Pods-UnsplasherTests.release.xcconfig"; sourceTree = "<group>"; };
		E7B5C68B5B7D879B299680EC /* Pods_Unsplasher.framework */ = {isa = PBXFileReference; explicitFileType = wrapper.framework; includeInIndex = 0; path = Pods_Unsplasher.framework; sourceTree = BUILT_PRODUCTS_DIR; };
/* End PBXFileReference section */

/* Begin PBXFrameworksBuildPhase section */
		639308F520517069002C261E /* Frameworks */ = {
			isa = PBXFrameworksBuildPhase;
			buildActionMask = 2147483647;
			files = (
				F0131DACC92DBFBECA9800F1 /* Pods_Unsplasher.framework in Frameworks */,
			);
			runOnlyForDeploymentPostprocessing = 0;
		};
		6393090920517069002C261E /* Frameworks */ = {
			isa = PBXFrameworksBuildPhase;
			buildActionMask = 2147483647;
			files = (
				E4BD48E82514D78EDC1F9A05 /* Pods_UnsplasherTests.framework in Frameworks */,
			);
			runOnlyForDeploymentPostprocessing = 0;
		};
/* End PBXFrameworksBuildPhase section */

/* Begin PBXGroup section */
		637D38822052B08C001867FE /* App Container */ = {
			isa = PBXGroup;
			children = (
				637D38832052B0A5001867FE /* AppContainer.swift */,
				637D38852052B12B001867FE /* AppContainerBuilder.swift */,
				637D38872052B1AE001867FE /* AppContainerPresenter.swift */,
				637D38892052B1B4001867FE /* AppContainerRouter.swift */,
				637D388B2052B1D6001867FE /* AppContainerInteractor.swift */,
			);
			path = "App Container";
			sourceTree = "<group>";
		};
		637D388D2052B810001867FE /* Photos View */ = {
			isa = PBXGroup;
			children = (
				637D38902052B8B4001867FE /* PhotosViewController.swift */,
			);
			path = "Photos View";
			sourceTree = "<group>";
		};
		637D388E2052B841001867FE /* Collections View */ = {
			isa = PBXGroup;
			children = (
			);
			path = "Collections View";
			sourceTree = "<group>";
		};
		637D388F2052B84E001867FE /* Me View */ = {
			isa = PBXGroup;
			children = (
			);
			path = "Me View";
			sourceTree = "<group>";
		};
		637D38922052B99A001867FE /* Other Views */ = {
			isa = PBXGroup;
			children = (
				637D38932052B9E8001867FE /* UnsplasherNavigationBar.swift */,
			);
			path = "Other Views";
			sourceTree = "<group>";
		};
		637D38972052BF05001867FE /* Utilities */ = {
			isa = PBXGroup;
			children = (
				637D38952052BC86001867FE /* UnsplasherColor.swift */,
				637D38982052BF13001867FE /* DeviceDetector.swift */,
			);
			path = Utilities;
			sourceTree = "<group>";
		};
		639308EF20517069002C261E = {
			isa = PBXGroup;
			children = (
				639308FA20517069002C261E /* Unsplasher */,
				6393090F20517069002C261E /* UnsplasherTests */,
				639308F920517069002C261E /* Products */,
				8738A0A0852637B457459117 /* Pods */,
				FEF39D1CA6B739FC72760F92 /* Frameworks */,
			);
			sourceTree = "<group>";
		};
		639308F920517069002C261E /* Products */ = {
			isa = PBXGroup;
			children = (
				639308F820517069002C261E /* Unsplasher.app */,
				6393090C20517069002C261E /* UnsplasherTests.xctest */,
			);
			name = Products;
			sourceTree = "<group>";
		};
		639308FA20517069002C261E /* Unsplasher */ = {
			isa = PBXGroup;
			children = (
				637D38972052BF05001867FE /* Utilities */,
				637D38922052B99A001867FE /* Other Views */,
				637D388F2052B84E001867FE /* Me View */,
				637D388E2052B841001867FE /* Collections View */,
				637D388D2052B810001867FE /* Photos View */,
				637D38822052B08C001867FE /* App Container */,
				6393092620522804002C261E /* API */,
				639308FB20517069002C261E /* AppDelegate.swift */,
				639308FD20517069002C261E /* ViewController.swift */,
				6393090220517069002C261E /* Assets.xcassets */,
				6393090420517069002C261E /* LaunchScreen.storyboard */,
				6393090720517069002C261E /* Info.plist */,
				6393091C20517FB2002C261E /* fabric.apikey */,
				6393092020518011002C261E /* fabric.buildsecret */,
				6393092220522775002C261E /* unsplash.appid */,
				6393092420522791002C261E /* unsplash.appsecret */,
				6393092B20522B9D002C261E /* SecretKeys.swift */,
				6393092F2052415B002C261E /* Extensions */,
				6393095A20525A9A002C261E /* DefaultKeys.swift */,
			);
			path = Unsplasher;
			sourceTree = "<group>";
		};
		6393090F20517069002C261E /* UnsplasherTests */ = {
			isa = PBXGroup;
			children = (
				6393091020517069002C261E /* UnsplasherTests.swift */,
				6393091220517069002C261E /* Info.plist */,
			);
			path = UnsplasherTests;
			sourceTree = "<group>";
		};
		6393092620522804002C261E /* API */ = {
			isa = PBXGroup;
			children = (
				6393095C20525BFD002C261E /* Model */,
				6393092720522813002C261E /* UnsplashAPI.swift */,
				6393092920522841002C261E /* GrantAccessToken.swift */,
				6393092D20524010002C261E /* GetPhotos.swift */,
				6393095820525815002C261E /* RequestAuthCode.swift */,
			);
			path = API;
			sourceTree = "<group>";
		};
		6393092F2052415B002C261E /* Extensions */ = {
			isa = PBXGroup;
			children = (
				639309302052415B002C261E /* UIAlertControllerExtension.swift */,
				639309312052415B002C261E /* CollectionExtension.swift */,
				639309322052415B002C261E /* UIColorExtension.swift */,
				639309332052415B002C261E /* NumberExtension.swift */,
				639309342052415B002C261E /* UITableViewExtensios.swift */,
				639309352052415B002C261E /* ArrayExtension.swift */,
				639309362052415B002C261E /* UILabelExtension.swift */,
				639309372052415B002C261E /* UIApplicationExtension.swift */,
				639309382052415B002C261E /* UIViewControllerExtension.swift */,
				639309392052415B002C261E /* UIViewExtension.swift */,
				6393093A2052415B002C261E /* SDWebImageExtension.swift */,
				6393093B2052415B002C261E /* NSObejctExtension.swift */,
				6393093C2052415B002C261E /* UICollectionViewExtension.swift */,
				6393093D2052415B002C261E /* Queue.swift */,
				6393093E2052415B002C261E /* DataExtension.swift */,
				6393093F2052415B002C261E /* StringExtension.swift */,
				639309402052415B002C261E /* DictionaryExtension.swift */,
				639309412052415B002C261E /* UIImageExtension.swift */,
				639309422052415B002C261E /* DateExtension.swift */,
				639309432052415B002C261E /* SwiftyJSONExtension.swift */,
			);
			path = Extensions;
			sourceTree = "<group>";
		};
		6393095C20525BFD002C261E /* Model */ = {
			isa = PBXGroup;
			children = (
				6393095D20525C09002C261E /* UnsplashOAuthData.swift */,
			);
			path = Model;
			sourceTree = "<group>";
		};
		8738A0A0852637B457459117 /* Pods */ = {
			isa = PBXGroup;
			children = (
				C6AAF4C8E20E820626315D76 /* Pods-Unsplasher.debug.xcconfig */,
				89AB35806FE9EAB250D0888D /* Pods-Unsplasher.release.xcconfig */,
				82FD49F64392E1F858DF97A9 /* Pods-UnsplasherTests.debug.xcconfig */,
				CFD9EF64DAA5AE6F8F0556DA /* Pods-UnsplasherTests.release.xcconfig */,
			);
			name = Pods;
			sourceTree = "<group>";
		};
		FEF39D1CA6B739FC72760F92 /* Frameworks */ = {
			isa = PBXGroup;
			children = (
				E7B5C68B5B7D879B299680EC /* Pods_Unsplasher.framework */,
				3ADE6EAEF7A35B16F6ECC31D /* Pods_UnsplasherTests.framework */,
			);
			name = Frameworks;
			sourceTree = "<group>";
		};
/* End PBXGroup section */

/* Begin PBXNativeTarget section */
		639308F720517069002C261E /* Unsplasher */ = {
			isa = PBXNativeTarget;
			buildConfigurationList = 6393091520517069002C261E /* Build configuration list for PBXNativeTarget "Unsplasher" */;
			buildPhases = (
				B4490515C65C7BEA8B19916D /* [CP] Check Pods Manifest.lock */,
				639308F420517069002C261E /* Sources */,
				639308F520517069002C261E /* Frameworks */,
				639308F620517069002C261E /* Resources */,
				0FC4E33BD9F628E3191A8546 /* [CP] Embed Pods Frameworks */,
				0B18E5FE1481E8118809C302 /* [CP] Copy Pods Resources */,
				6393091B20517F91002C261E /* ShellScript */,
			);
			buildRules = (
			);
			dependencies = (
			);
			name = Unsplasher;
			productName = Unsplasher;
			productReference = 639308F820517069002C261E /* Unsplasher.app */;
			productType = "com.apple.product-type.application";
		};
		6393090B20517069002C261E /* UnsplasherTests */ = {
			isa = PBXNativeTarget;
			buildConfigurationList = 6393091820517069002C261E /* Build configuration list for PBXNativeTarget "UnsplasherTests" */;
			buildPhases = (
				D24A24D396E29622D8F68CEF /* [CP] Check Pods Manifest.lock */,
				6393090820517069002C261E /* Sources */,
				6393090920517069002C261E /* Frameworks */,
				6393090A20517069002C261E /* Resources */,
				5E450FCD8DA237FF7F683B69 /* [CP] Embed Pods Frameworks */,
				BA0D2F0CC87C1BCF67CA22F0 /* [CP] Copy Pods Resources */,
			);
			buildRules = (
			);
			dependencies = (
				6393090E20517069002C261E /* PBXTargetDependency */,
			);
			name = UnsplasherTests;
			productName = UnsplasherTests;
			productReference = 6393090C20517069002C261E /* UnsplasherTests.xctest */;
			productType = "com.apple.product-type.bundle.unit-test";
		};
/* End PBXNativeTarget section */

/* Begin PBXProject section */
		639308F020517069002C261E /* Project object */ = {
			isa = PBXProject;
			attributes = {
				LastSwiftUpdateCheck = 0920;
				LastUpgradeCheck = 0920;
				ORGANIZATIONNAME = David;
				TargetAttributes = {
					639308F720517069002C261E = {
						CreatedOnToolsVersion = 9.2;
						ProvisioningStyle = Automatic;
					};
					6393090B20517069002C261E = {
						CreatedOnToolsVersion = 9.2;
						ProvisioningStyle = Automatic;
						TestTargetID = 639308F720517069002C261E;
					};
				};
			};
			buildConfigurationList = 639308F320517069002C261E /* Build configuration list for PBXProject "Unsplasher" */;
			compatibilityVersion = "Xcode 8.0";
			developmentRegion = en;
			hasScannedForEncodings = 0;
			knownRegions = (
				en,
				Base,
			);
			mainGroup = 639308EF20517069002C261E;
			productRefGroup = 639308F920517069002C261E /* Products */;
			projectDirPath = "";
			projectRoot = "";
			targets = (
				639308F720517069002C261E /* Unsplasher */,
				6393090B20517069002C261E /* UnsplasherTests */,
			);
		};
/* End PBXProject section */

/* Begin PBXResourcesBuildPhase section */
		639308F620517069002C261E /* Resources */ = {
			isa = PBXResourcesBuildPhase;
			buildActionMask = 2147483647;
			files = (
				6393092320522775002C261E /* unsplash.appid in Resources */,
				6393092120518011002C261E /* fabric.buildsecret in Resources */,
				6393092520522791002C261E /* unsplash.appsecret in Resources */,
				6393090620517069002C261E /* LaunchScreen.storyboard in Resources */,
				6393091D20517FB2002C261E /* fabric.apikey in Resources */,
				6393090320517069002C261E /* Assets.xcassets in Resources */,
			);
			runOnlyForDeploymentPostprocessing = 0;
		};
		6393090A20517069002C261E /* Resources */ = {
			isa = PBXResourcesBuildPhase;
			buildActionMask = 2147483647;
			files = (
			);
			runOnlyForDeploymentPostprocessing = 0;
		};
/* End PBXResourcesBuildPhase section */

/* Begin PBXShellScriptBuildPhase section */
		0B18E5FE1481E8118809C302 /* [CP] Copy Pods Resources */ = {
			isa = PBXShellScriptBuildPhase;
			buildActionMask = 2147483647;
			files = (
			);
			inputPaths = (
			);
			name = "[CP] Copy Pods Resources";
			outputPaths = (
			);
			runOnlyForDeploymentPostprocessing = 0;
			shellPath = /bin/sh;
			shellScript = "\"${SRCROOT}/Pods/Target Support Files/Pods-Unsplasher/Pods-Unsplasher-resources.sh\"\n";
			showEnvVarsInLog = 0;
		};
		0FC4E33BD9F628E3191A8546 /* [CP] Embed Pods Frameworks */ = {
			isa = PBXShellScriptBuildPhase;
			buildActionMask = 2147483647;
			files = (
			);
			inputPaths = (
				"${SRCROOT}/Pods/Target Support Files/Pods-Unsplasher/Pods-Unsplasher-frameworks.sh",
				"${BUILT_PRODUCTS_DIR}/Alamofire/Alamofire.framework",
				"${BUILT_PRODUCTS_DIR}/ChameleonFramework/ChameleonFramework.framework",
				"${BUILT_PRODUCTS_DIR}/Kanna/Kanna.framework",
				"${BUILT_PRODUCTS_DIR}/NetworkRequestKit/NetworkRequestKit.framework",
				"${BUILT_PRODUCTS_DIR}/PromiseKit/PromiseKit.framework",
				"${BUILT_PRODUCTS_DIR}/ReSwift/ReSwift.framework",
				"${BUILT_PRODUCTS_DIR}/RxSwift/RxSwift.framework",
				"${BUILT_PRODUCTS_DIR}/SDWebImage/SDWebImage.framework",
				"${BUILT_PRODUCTS_DIR}/SwiftyJSON/SwiftyJSON.framework",
				"${BUILT_PRODUCTS_DIR}/SwiftyUserDefaults/SwiftyUserDefaults.framework",
			);
			name = "[CP] Embed Pods Frameworks";
			outputPaths = (
				"${TARGET_BUILD_DIR}/${FRAMEWORKS_FOLDER_PATH}/Alamofire.framework",
				"${TARGET_BUILD_DIR}/${FRAMEWORKS_FOLDER_PATH}/ChameleonFramework.framework",
				"${TARGET_BUILD_DIR}/${FRAMEWORKS_FOLDER_PATH}/Kanna.framework",
				"${TARGET_BUILD_DIR}/${FRAMEWORKS_FOLDER_PATH}/NetworkRequestKit.framework",
				"${TARGET_BUILD_DIR}/${FRAMEWORKS_FOLDER_PATH}/PromiseKit.framework",
				"${TARGET_BUILD_DIR}/${FRAMEWORKS_FOLDER_PATH}/ReSwift.framework",
				"${TARGET_BUILD_DIR}/${FRAMEWORKS_FOLDER_PATH}/RxSwift.framework",
				"${TARGET_BUILD_DIR}/${FRAMEWORKS_FOLDER_PATH}/SDWebImage.framework",
				"${TARGET_BUILD_DIR}/${FRAMEWORKS_FOLDER_PATH}/SwiftyJSON.framework",
				"${TARGET_BUILD_DIR}/${FRAMEWORKS_FOLDER_PATH}/SwiftyUserDefaults.framework",
			);
			runOnlyForDeploymentPostprocessing = 0;
			shellPath = /bin/sh;
			shellScript = "\"${SRCROOT}/Pods/Target Support Files/Pods-Unsplasher/Pods-Unsplasher-frameworks.sh\"\n";
			showEnvVarsInLog = 0;
		};
		5E450FCD8DA237FF7F683B69 /* [CP] Embed Pods Frameworks */ = {
			isa = PBXShellScriptBuildPhase;
			buildActionMask = 2147483647;
			files = (
			);
			inputPaths = (
			);
			name = "[CP] Embed Pods Frameworks";
			outputPaths = (
			);
			runOnlyForDeploymentPostprocessing = 0;
			shellPath = /bin/sh;
			shellScript = "\"${SRCROOT}/Pods/Target Support Files/Pods-UnsplasherTests/Pods-UnsplasherTests-frameworks.sh\"\n";
			showEnvVarsInLog = 0;
		};
		6393091B20517F91002C261E /* ShellScript */ = {
			isa = PBXShellScriptBuildPhase;
			buildActionMask = 2147483647;
			files = (
			);
			inputPaths = (
			);
			outputPaths = (
			);
			runOnlyForDeploymentPostprocessing = 0;
			shellPath = /bin/sh;
			shellScript = "FABRIC_APIKEY_FILE=\"${SRCROOT}/Unsplasher/fabric.apikey\"\nFABRIC_BUILDSECRET_FILE=\"${SRCROOT}/Unsplasher/fabric.buildsecret\"\n\nif test ! -f \"$FABRIC_APIKEY_FILE\" -o ! -f \"$FABRIC_BUILDSECRET_FILE\"; then\necho \"This build wants to upload dSYM files to Crashlytics.\"\necho \"Uploading is possible only if a Fabric API key and a Fabric build secret are\"\necho \"available. This build is failing because at least one of these pieces of\"\necho \"information is missing.\"\necho \"\necho \"To fix the problem, create the following files and store the API key and\"\necho \"build secret, respectively, within those files:\"\necho \"\necho \"  $FABRIC_APIKEY_FILE\"\necho \"  $FABRIC_BUILDSECRET_FILE\"\necho \"\necho \"If you forked the project then you must register with Crashlytics and\necho \"get your own API key and build secret.\"\n\n# Let the build fail\nexit 1\nfi\n\nFABRIC_APIKEY=$(cat \"$FABRIC_APIKEY_FILE\")\nif test $? -ne 0; then\necho \"Cannot read $FABRIC_APIKEY_FILE\"\nexit 1\nfi\n\nFABRIC_BUILDSECRET=$(cat \"$FABRIC_BUILDSECRET_FILE\")\nif test $? -ne 0; then\necho \"Cannot read $FABRIC_BUILDSECRET_FILE\"\nexit 1\nfi\n\necho \"Uploading dSYM files to Crashlytics\"\n\"${PODS_ROOT}/Fabric/run\" \"$FABRIC_APIKEY\" \"$FABRIC_BUILDSECRET\"";
		};
		B4490515C65C7BEA8B19916D /* [CP] Check Pods Manifest.lock */ = {
			isa = PBXShellScriptBuildPhase;
			buildActionMask = 2147483647;
			files = (
			);
			inputPaths = (
				"${PODS_PODFILE_DIR_PATH}/Podfile.lock",
				"${PODS_ROOT}/Manifest.lock",
			);
			name = "[CP] Check Pods Manifest.lock";
			outputPaths = (
				"$(DERIVED_FILE_DIR)/Pods-Unsplasher-checkManifestLockResult.txt",
			);
			runOnlyForDeploymentPostprocessing = 0;
			shellPath = /bin/sh;
			shellScript = "diff \"${PODS_PODFILE_DIR_PATH}/Podfile.lock\" \"${PODS_ROOT}/Manifest.lock\" > /dev/null\nif [ $? != 0 ] ; then\n    # print error to STDERR\n    echo \"error: The sandbox is not in sync with the Podfile.lock. Run 'pod install' or update your CocoaPods installation.\" >&2\n    exit 1\nfi\n# This output is used by Xcode 'outputs' to avoid re-running this script phase.\necho \"SUCCESS\" > \"${SCRIPT_OUTPUT_FILE_0}\"\n";
			showEnvVarsInLog = 0;
		};
		BA0D2F0CC87C1BCF67CA22F0 /* [CP] Copy Pods Resources */ = {
			isa = PBXShellScriptBuildPhase;
			buildActionMask = 2147483647;
			files = (
			);
			inputPaths = (
			);
			name = "[CP] Copy Pods Resources";
			outputPaths = (
			);
			runOnlyForDeploymentPostprocessing = 0;
			shellPath = /bin/sh;
			shellScript = "\"${SRCROOT}/Pods/Target Support Files/Pods-UnsplasherTests/Pods-UnsplasherTests-resources.sh\"\n";
			showEnvVarsInLog = 0;
		};
		D24A24D396E29622D8F68CEF /* [CP] Check Pods Manifest.lock */ = {
			isa = PBXShellScriptBuildPhase;
			buildActionMask = 2147483647;
			files = (
			);
			inputPaths = (
				"${PODS_PODFILE_DIR_PATH}/Podfile.lock",
				"${PODS_ROOT}/Manifest.lock",
			);
			name = "[CP] Check Pods Manifest.lock";
			outputPaths = (
				"$(DERIVED_FILE_DIR)/Pods-UnsplasherTests-checkManifestLockResult.txt",
			);
			runOnlyForDeploymentPostprocessing = 0;
			shellPath = /bin/sh;
			shellScript = "diff \"${PODS_PODFILE_DIR_PATH}/Podfile.lock\" \"${PODS_ROOT}/Manifest.lock\" > /dev/null\nif [ $? != 0 ] ; then\n    # print error to STDERR\n    echo \"error: The sandbox is not in sync with the Podfile.lock. Run 'pod install' or update your CocoaPods installation.\" >&2\n    exit 1\nfi\n# This output is used by Xcode 'outputs' to avoid re-running this script phase.\necho \"SUCCESS\" > \"${SCRIPT_OUTPUT_FILE_0}\"\n";
			showEnvVarsInLog = 0;
		};
/* End PBXShellScriptBuildPhase section */

/* Begin PBXSourcesBuildPhase section */
		639308F420517069002C261E /* Sources */ = {
			isa = PBXSourcesBuildPhase;
			buildActionMask = 2147483647;
			files = (
				639308FE20517069002C261E /* ViewController.swift in Sources */,
				6393095B20525A9A002C261E /* DefaultKeys.swift in Sources */,
				6393092E20524010002C261E /* GetPhotos.swift in Sources */,
				6393095920525815002C261E /* RequestAuthCode.swift in Sources */,
				637D38912052B8B4001867FE /* PhotosViewController.swift in Sources */,
				637D38862052B12B001867FE /* AppContainerBuilder.swift in Sources */,
				6393094C2052415B002C261E /* UIViewControllerExtension.swift in Sources */,
				6393092820522813002C261E /* UnsplashAPI.swift in Sources */,
				639309522052415B002C261E /* DataExtension.swift in Sources */,
				639309572052415B002C261E /* SwiftyJSONExtension.swift in Sources */,
				639309502052415B002C261E /* UICollectionViewExtension.swift in Sources */,
				637D38992052BF13001867FE /* DeviceDetector.swift in Sources */,
				639309492052415B002C261E /* ArrayExtension.swift in Sources */,
				637D388A2052B1B4001867FE /* AppContainerRouter.swift in Sources */,
				6393092A20522841002C261E /* GrantAccessToken.swift in Sources */,
				639309542052415B002C261E /* DictionaryExtension.swift in Sources */,
				6393094D2052415B002C261E /* UIViewExtension.swift in Sources */,
				639309472052415B002C261E /* NumberExtension.swift in Sources */,
				639309562052415B002C261E /* DateExtension.swift in Sources */,
				639308FC20517069002C261E /* AppDelegate.swift in Sources */,
				639309462052415B002C261E /* UIColorExtension.swift in Sources */,
				637D38882052B1AE001867FE /* AppContainerPresenter.swift in Sources */,
				637D388C2052B1D6001867FE /* AppContainerInteractor.swift in Sources */,
				6393095E20525C09002C261E /* UnsplashOAuthData.swift in Sources */,
				637D38962052BC86001867FE /* UnsplasherColor.swift in Sources */,
				639309452052415B002C261E /* CollectionExtension.swift in Sources */,
				6393094F2052415B002C261E /* NSObejctExtension.swift in Sources */,
				637D38942052B9E8001867FE /* UnsplasherNavigationBar.swift in Sources */,
				639309442052415B002C261E /* UIAlertControllerExtension.swift in Sources */,
				6393094E2052415B002C261E /* SDWebImageExtension.swift in Sources */,
				639309512052415B002C261E /* Queue.swift in Sources */,
				6393092C20522B9D002C261E /* SecretKeys.swift in Sources */,
				639309482052415B002C261E /* UITableViewExtensios.swift in Sources */,
				6393094B2052415B002C261E /* UIApplicationExtension.swift in Sources */,
				639309532052415B002C261E /* StringExtension.swift in Sources */,
				637D38842052B0A5001867FE /* AppContainer.swift in Sources */,
				6393094A2052415B002C261E /* UILabelExtension.swift in Sources */,
				639309552052415B002C261E /* UIImageExtension.swift in Sources */,
			);
			runOnlyForDeploymentPostprocessing = 0;
		};
		6393090820517069002C261E /* Sources */ = {
			isa = PBXSourcesBuildPhase;
			buildActionMask = 2147483647;
			files = (
				6393091120517069002C261E /* UnsplasherTests.swift in Sources */,
			);
			runOnlyForDeploymentPostprocessing = 0;
		};
/* End PBXSourcesBuildPhase section */

/* Begin PBXTargetDependency section */
		6393090E20517069002C261E /* PBXTargetDependency */ = {
			isa = PBXTargetDependency;
			target = 639308F720517069002C261E /* Unsplasher */;
			targetProxy = 6393090D20517069002C261E /* PBXContainerItemProxy */;
		};
/* End PBXTargetDependency section */

/* Begin PBXVariantGroup section */
		6393090420517069002C261E /* LaunchScreen.storyboard */ = {
			isa = PBXVariantGroup;
			children = (
				6393090520517069002C261E /* Base */,
			);
			name = LaunchScreen.storyboard;
			sourceTree = "<group>";
		};
/* End PBXVariantGroup section */

/* Begin XCBuildConfiguration section */
		6393091320517069002C261E /* Debug */ = {
			isa = XCBuildConfiguration;
			buildSettings = {
				ALWAYS_SEARCH_USER_PATHS = NO;
				CLANG_ANALYZER_NONNULL = YES;
				CLANG_ANALYZER_NUMBER_OBJECT_CONVERSION = YES_AGGRESSIVE;
				CLANG_CXX_LANGUAGE_STANDARD = "gnu++14";
				CLANG_CXX_LIBRARY = "libc++";
				CLANG_ENABLE_MODULES = YES;
				CLANG_ENABLE_OBJC_ARC = YES;
				CLANG_WARN_BLOCK_CAPTURE_AUTORELEASING = YES;
				CLANG_WARN_BOOL_CONVERSION = YES;
				CLANG_WARN_COMMA = YES;
				CLANG_WARN_CONSTANT_CONVERSION = YES;
				CLANG_WARN_DIRECT_OBJC_ISA_USAGE = YES_ERROR;
				CLANG_WARN_DOCUMENTATION_COMMENTS = YES;
				CLANG_WARN_EMPTY_BODY = YES;
				CLANG_WARN_ENUM_CONVERSION = YES;
				CLANG_WARN_INFINITE_RECURSION = YES;
				CLANG_WARN_INT_CONVERSION = YES;
				CLANG_WARN_NON_LITERAL_NULL_CONVERSION = YES;
				CLANG_WARN_OBJC_LITERAL_CONVERSION = YES;
				CLANG_WARN_OBJC_ROOT_CLASS = YES_ERROR;
				CLANG_WARN_RANGE_LOOP_ANALYSIS = YES;
				CLANG_WARN_STRICT_PROTOTYPES = YES;
				CLANG_WARN_SUSPICIOUS_MOVE = YES;
				CLANG_WARN_UNGUARDED_AVAILABILITY = YES_AGGRESSIVE;
				CLANG_WARN_UNREACHABLE_CODE = YES;
				CLANG_WARN__DUPLICATE_METHOD_MATCH = YES;
				CODE_SIGN_IDENTITY = "iPhone Developer";
				COPY_PHASE_STRIP = NO;
				DEBUG_INFORMATION_FORMAT = dwarf;
				ENABLE_STRICT_OBJC_MSGSEND = YES;
				ENABLE_TESTABILITY = YES;
				GCC_C_LANGUAGE_STANDARD = gnu11;
				GCC_DYNAMIC_NO_PIC = NO;
				GCC_NO_COMMON_BLOCKS = YES;
				GCC_OPTIMIZATION_LEVEL = 0;
				GCC_PREPROCESSOR_DEFINITIONS = (
					"DEBUG=1",
					"$(inherited)",
				);
				GCC_WARN_64_TO_32_BIT_CONVERSION = YES;
				GCC_WARN_ABOUT_RETURN_TYPE = YES_ERROR;
				GCC_WARN_UNDECLARED_SELECTOR = YES;
				GCC_WARN_UNINITIALIZED_AUTOS = YES_AGGRESSIVE;
				GCC_WARN_UNUSED_FUNCTION = YES;
				GCC_WARN_UNUSED_VARIABLE = YES;
				IPHONEOS_DEPLOYMENT_TARGET = 11.2;
				MTL_ENABLE_DEBUG_INFO = YES;
				ONLY_ACTIVE_ARCH = YES;
				SDKROOT = iphoneos;
				SWIFT_ACTIVE_COMPILATION_CONDITIONS = DEBUG;
				SWIFT_OPTIMIZATION_LEVEL = "-Onone";
			};
			name = Debug;
		};
		6393091420517069002C261E /* Release */ = {
			isa = XCBuildConfiguration;
			buildSettings = {
				ALWAYS_SEARCH_USER_PATHS = NO;
				CLANG_ANALYZER_NONNULL = YES;
				CLANG_ANALYZER_NUMBER_OBJECT_CONVERSION = YES_AGGRESSIVE;
				CLANG_CXX_LANGUAGE_STANDARD = "gnu++14";
				CLANG_CXX_LIBRARY = "libc++";
				CLANG_ENABLE_MODULES = YES;
				CLANG_ENABLE_OBJC_ARC = YES;
				CLANG_WARN_BLOCK_CAPTURE_AUTORELEASING = YES;
				CLANG_WARN_BOOL_CONVERSION = YES;
				CLANG_WARN_COMMA = YES;
				CLANG_WARN_CONSTANT_CONVERSION = YES;
				CLANG_WARN_DIRECT_OBJC_ISA_USAGE = YES_ERROR;
				CLANG_WARN_DOCUMENTATION_COMMENTS = YES;
				CLANG_WARN_EMPTY_BODY = YES;
				CLANG_WARN_ENUM_CONVERSION = YES;
				CLANG_WARN_INFINITE_RECURSION = YES;
				CLANG_WARN_INT_CONVERSION = YES;
				CLANG_WARN_NON_LITERAL_NULL_CONVERSION = YES;
				CLANG_WARN_OBJC_LITERAL_CONVERSION = YES;
				CLANG_WARN_OBJC_ROOT_CLASS = YES_ERROR;
				CLANG_WARN_RANGE_LOOP_ANALYSIS = YES;
				CLANG_WARN_STRICT_PROTOTYPES = YES;
				CLANG_WARN_SUSPICIOUS_MOVE = YES;
				CLANG_WARN_UNGUARDED_AVAILABILITY = YES_AGGRESSIVE;
				CLANG_WARN_UNREACHABLE_CODE = YES;
				CLANG_WARN__DUPLICATE_METHOD_MATCH = YES;
				CODE_SIGN_IDENTITY = "iPhone Developer";
				COPY_PHASE_STRIP = NO;
				DEBUG_INFORMATION_FORMAT = "dwarf-with-dsym";
				ENABLE_NS_ASSERTIONS = NO;
				ENABLE_STRICT_OBJC_MSGSEND = YES;
				GCC_C_LANGUAGE_STANDARD = gnu11;
				GCC_NO_COMMON_BLOCKS = YES;
				GCC_WARN_64_TO_32_BIT_CONVERSION = YES;
				GCC_WARN_ABOUT_RETURN_TYPE = YES_ERROR;
				GCC_WARN_UNDECLARED_SELECTOR = YES;
				GCC_WARN_UNINITIALIZED_AUTOS = YES_AGGRESSIVE;
				GCC_WARN_UNUSED_FUNCTION = YES;
				GCC_WARN_UNUSED_VARIABLE = YES;
				IPHONEOS_DEPLOYMENT_TARGET = 11.2;
				MTL_ENABLE_DEBUG_INFO = NO;
				SDKROOT = iphoneos;
				SWIFT_OPTIMIZATION_LEVEL = "-Owholemodule";
				VALIDATE_PRODUCT = YES;
			};
			name = Release;
		};
		6393091620517069002C261E /* Debug */ = {
			isa = XCBuildConfiguration;
			baseConfigurationReference = C6AAF4C8E20E820626315D76 /* Pods-Unsplasher.debug.xcconfig */;
			buildSettings = {
				ASSETCATALOG_COMPILER_APPICON_NAME = AppIcon;
				CODE_SIGN_STYLE = Automatic;
				DEVELOPMENT_TEAM = UA35L9FR9N;
				INFOPLIST_FILE = Unsplasher/Info.plist;
				IPHONEOS_DEPLOYMENT_TARGET = 10.0;
				LD_RUNPATH_SEARCH_PATHS = "$(inherited) @executable_path/Frameworks";
				PRODUCT_BUNDLE_IDENTIFIER = io.hello.Unsplasher;
				PRODUCT_NAME = "$(TARGET_NAME)";
				SWIFT_VERSION = 4.0;
				TARGETED_DEVICE_FAMILY = "1,2";
			};
			name = Debug;
		};
		6393091720517069002C261E /* Release */ = {
			isa = XCBuildConfiguration;
			baseConfigurationReference = 89AB35806FE9EAB250D0888D /* Pods-Unsplasher.release.xcconfig */;
			buildSettings = {
				ASSETCATALOG_COMPILER_APPICON_NAME = AppIcon;
				CODE_SIGN_STYLE = Automatic;
				DEVELOPMENT_TEAM = UA35L9FR9N;
				INFOPLIST_FILE = Unsplasher/Info.plist;
				IPHONEOS_DEPLOYMENT_TARGET = 10.0;
				LD_RUNPATH_SEARCH_PATHS = "$(inherited) @executable_path/Frameworks";
				PRODUCT_BUNDLE_IDENTIFIER = io.hello.Unsplasher;
				PRODUCT_NAME = "$(TARGET_NAME)";
				SWIFT_VERSION = 4.0;
				TARGETED_DEVICE_FAMILY = "1,2";
			};
			name = Release;
		};
		6393091920517069002C261E /* Debug */ = {
			isa = XCBuildConfiguration;
			baseConfigurationReference = 82FD49F64392E1F858DF97A9 /* Pods-UnsplasherTests.debug.xcconfig */;
			buildSettings = {
				ALWAYS_EMBED_SWIFT_STANDARD_LIBRARIES = YES;
				BUNDLE_LOADER = "$(TEST_HOST)";
				CODE_SIGN_STYLE = Automatic;
				DEVELOPMENT_TEAM = UA35L9FR9N;
				INFOPLIST_FILE = UnsplasherTests/Info.plist;
				LD_RUNPATH_SEARCH_PATHS = "$(inherited) @executable_path/Frameworks @loader_path/Frameworks";
				PRODUCT_BUNDLE_IDENTIFIER = io.hello.UnsplasherTests;
				PRODUCT_NAME = "$(TARGET_NAME)";
				SWIFT_VERSION = 4.0;
				TARGETED_DEVICE_FAMILY = "1,2";
				TEST_HOST = "$(BUILT_PRODUCTS_DIR)/Unsplasher.app/Unsplasher";
			};
			name = Debug;
		};
		6393091A20517069002C261E /* Release */ = {
			isa = XCBuildConfiguration;
			baseConfigurationReference = CFD9EF64DAA5AE6F8F0556DA /* Pods-UnsplasherTests.release.xcconfig */;
			buildSettings = {
				ALWAYS_EMBED_SWIFT_STANDARD_LIBRARIES = YES;
				BUNDLE_LOADER = "$(TEST_HOST)";
				CODE_SIGN_STYLE = Automatic;
				DEVELOPMENT_TEAM = UA35L9FR9N;
				INFOPLIST_FILE = UnsplasherTests/Info.plist;
				LD_RUNPATH_SEARCH_PATHS = "$(inherited) @executable_path/Frameworks @loader_path/Frameworks";
				PRODUCT_BUNDLE_IDENTIFIER = io.hello.UnsplasherTests;
				PRODUCT_NAME = "$(TARGET_NAME)";
				SWIFT_VERSION = 4.0;
				TARGETED_DEVICE_FAMILY = "1,2";
				TEST_HOST = "$(BUILT_PRODUCTS_DIR)/Unsplasher.app/Unsplasher";
			};
			name = Release;
		};
/* End XCBuildConfiguration section */

/* Begin XCConfigurationList section */
		639308F320517069002C261E /* Build configuration list for PBXProject "Unsplasher" */ = {
			isa = XCConfigurationList;
			buildConfigurations = (
				6393091320517069002C261E /* Debug */,
				6393091420517069002C261E /* Release */,
			);
			defaultConfigurationIsVisible = 0;
			defaultConfigurationName = Release;
		};
		6393091520517069002C261E /* Build configuration list for PBXNativeTarget "Unsplasher" */ = {
			isa = XCConfigurationList;
			buildConfigurations = (
				6393091620517069002C261E /* Debug */,
				6393091720517069002C261E /* Release */,
			);
			defaultConfigurationIsVisible = 0;
			defaultConfigurationName = Release;
		};
		6393091820517069002C261E /* Build configuration list for PBXNativeTarget "UnsplasherTests" */ = {
			isa = XCConfigurationList;
			buildConfigurations = (
				6393091920517069002C261E /* Debug */,
				6393091A20517069002C261E /* Release */,
			);
			defaultConfigurationIsVisible = 0;
			defaultConfigurationName = Release;
		};
/* End XCConfigurationList section */
	};
	rootObject = 639308F020517069002C261E /* Project object */;
}
